// !$*UTF8*$!
{
	archiveVersion = 1;
	classes = {
	};
	objectVersion = 50;
	objects = {

/* Begin PBXBuildFile section */
		DD122D332661176A00F2BAF0 /* AppDelegate.swift in Sources */ = {isa = PBXBuildFile; fileRef = DD122D322661176A00F2BAF0 /* AppDelegate.swift */; };
		DD122D352661176A00F2BAF0 /* SceneDelegate.swift in Sources */ = {isa = PBXBuildFile; fileRef = DD122D342661176A00F2BAF0 /* SceneDelegate.swift */; };
		DD122D372661176A00F2BAF0 /* ViewController.swift in Sources */ = {isa = PBXBuildFile; fileRef = DD122D362661176A00F2BAF0 /* ViewController.swift */; };
		DD122D3A2661176A00F2BAF0 /* Main.storyboard in Resources */ = {isa = PBXBuildFile; fileRef = DD122D382661176A00F2BAF0 /* Main.storyboard */; };
		DD122D3C2661177200F2BAF0 /* Assets.xcassets in Resources */ = {isa = PBXBuildFile; fileRef = DD122D3B2661177200F2BAF0 /* Assets.xcassets */; };
		DD122D3F2661177200F2BAF0 /* LaunchScreen.storyboard in Resources */ = {isa = PBXBuildFile; fileRef = DD122D3D2661177200F2BAF0 /* LaunchScreen.storyboard */; };
		DD122D4D266126C100F2BAF0 /* StoryCell.swift in Sources */ = {isa = PBXBuildFile; fileRef = DD122D4C266126C100F2BAF0 /* StoryCell.swift */; };
		DD122D512661362700F2BAF0 /* ImageCell.swift in Sources */ = {isa = PBXBuildFile; fileRef = DD122D502661362700F2BAF0 /* ImageCell.swift */; };
		DD122D562661376500F2BAF0 /* PostCell.swift in Sources */ = {isa = PBXBuildFile; fileRef = DD122D552661376500F2BAF0 /* PostCell.swift */; };
		DD122D692661633900F2BAF0 /* Feed.json in Resources */ = {isa = PBXBuildFile; fileRef = DD122D682661633900F2BAF0 /* Feed.json */; };
		DD122D6D26616A0A00F2BAF0 /* InstaData.swift in Sources */ = {isa = PBXBuildFile; fileRef = DD122D6C26616A0A00F2BAF0 /* InstaData.swift */; };
		DD122D7526616AC400F2BAF0 /* HomeViewModel.swift in Sources */ = {isa = PBXBuildFile; fileRef = DD122D7426616AC400F2BAF0 /* HomeViewModel.swift */; };
/* End PBXBuildFile section */

/* Begin PBXFileReference section */
		DD122D2F2661176A00F2BAF0 /* Swift_Task1.app */ = {isa = PBXFileReference; explicitFileType = wrapper.application; includeInIndex = 0; path = Swift_Task1.app; sourceTree = BUILT_PRODUCTS_DIR; };
		DD122D322661176A00F2BAF0 /* AppDelegate.swift */ = {isa = PBXFileReference; lastKnownFileType = sourcecode.swift; path = AppDelegate.swift; sourceTree = "<group>"; };
		DD122D342661176A00F2BAF0 /* SceneDelegate.swift */ = {isa = PBXFileReference; lastKnownFileType = sourcecode.swift; path = SceneDelegate.swift; sourceTree = "<group>"; };
		DD122D362661176A00F2BAF0 /* ViewController.swift */ = {isa = PBXFileReference; lastKnownFileType = sourcecode.swift; path = ViewController.swift; sourceTree = "<group>"; };
		DD122D392661176A00F2BAF0 /* Base */ = {isa = PBXFileReference; lastKnownFileType = file.storyboard; name = Base; path = Base.lproj/Main.storyboard; sourceTree = "<group>"; };
		DD122D3B2661177200F2BAF0 /* Assets.xcassets */ = {isa = PBXFileReference; lastKnownFileType = folder.assetcatalog; path = Assets.xcassets; sourceTree = "<group>"; };
		DD122D3E2661177200F2BAF0 /* Base */ = {isa = PBXFileReference; lastKnownFileType = file.storyboard; name = Base; path = Base.lproj/LaunchScreen.storyboard; sourceTree = "<group>"; };
		DD122D402661177200F2BAF0 /* Info.plist */ = {isa = PBXFileReference; lastKnownFileType = text.plist.xml; path = Info.plist; sourceTree = "<group>"; };
		DD122D4C266126C100F2BAF0 /* StoryCell.swift */ = {isa = PBXFileReference; lastKnownFileType = sourcecode.swift; path = StoryCell.swift; sourceTree = "<group>"; };
		DD122D502661362700F2BAF0 /* ImageCell.swift */ = {isa = PBXFileReference; lastKnownFileType = sourcecode.swift; path = ImageCell.swift; sourceTree = "<group>"; };
		DD122D552661376500F2BAF0 /* PostCell.swift */ = {isa = PBXFileReference; lastKnownFileType = sourcecode.swift; path = PostCell.swift; sourceTree = "<group>"; };
		DD122D682661633900F2BAF0 /* Feed.json */ = {isa = PBXFileReference; lastKnownFileType = text.json; path = Feed.json; sourceTree = "<group>"; };
		DD122D6C26616A0A00F2BAF0 /* InstaData.swift */ = {isa = PBXFileReference; lastKnownFileType = sourcecode.swift; path = InstaData.swift; sourceTree = "<group>"; };
		DD122D7426616AC400F2BAF0 /* HomeViewModel.swift */ = {isa = PBXFileReference; lastKnownFileType = sourcecode.swift; path = HomeViewModel.swift; sourceTree = "<group>"; };
/* End PBXFileReference section */

/* Begin PBXFrameworksBuildPhase section */
		DD122D2C2661176A00F2BAF0 /* Frameworks */ = {
			isa = PBXFrameworksBuildPhase;
			buildActionMask = 2147483647;
			files = (
			);
			runOnlyForDeploymentPostprocessing = 0;
		};
/* End PBXFrameworksBuildPhase section */

/* Begin PBXGroup section */
		DD122D262661176A00F2BAF0 = {
			isa = PBXGroup;
			children = (
				DD122D312661176A00F2BAF0 /* Swift_Task1 */,
				DD122D302661176A00F2BAF0 /* Products */,
			);
			sourceTree = "<group>";
		};
		DD122D302661176A00F2BAF0 /* Products */ = {
			isa = PBXGroup;
			children = (
				DD122D2F2661176A00F2BAF0 /* Swift_Task1.app */,
			);
			name = Products;
			sourceTree = "<group>";
		};
		DD122D312661176A00F2BAF0 /* Swift_Task1 */ = {
			isa = PBXGroup;
			children = (
				DD122D7B26617CDF00F2BAF0 /* Resources */,
				DD122D5F26614F6100F2BAF0 /* Model */,
				DD122D7326616AAE00F2BAF0 /* ViewModel */,
				DD122D472661177E00F2BAF0 /* Controller */,
				DD122D4A2661268A00F2BAF0 /* cells */,
				DD122D3B2661177200F2BAF0 /* Assets.xcassets */,
				DD122D3D2661177200F2BAF0 /* LaunchScreen.storyboard */,
				DD122D682661633900F2BAF0 /* Feed.json */,
				DD122D402661177200F2BAF0 /* Info.plist */,
			);
			path = Swift_Task1;
			sourceTree = "<group>";
		};
		DD122D472661177E00F2BAF0 /* Controller */ = {
			isa = PBXGroup;
			children = (
				DD122D362661176A00F2BAF0 /* ViewController.swift */,
				DD122D382661176A00F2BAF0 /* Main.storyboard */,
			);
			path = Controller;
			sourceTree = "<group>";
		};
		DD122D4A2661268A00F2BAF0 /* cells */ = {
			isa = PBXGroup;
			children = (
				DD122D542661373C00F2BAF0 /* TableViewCell */,
				DD122D4B2661269300F2BAF0 /* collectionViewCell */,
			);
			path = cells;
			sourceTree = "<group>";
		};
		DD122D4B2661269300F2BAF0 /* collectionViewCell */ = {
			isa = PBXGroup;
			children = (
				DD122D4C266126C100F2BAF0 /* StoryCell.swift */,
				DD122D502661362700F2BAF0 /* ImageCell.swift */,
			);
			path = collectionViewCell;
			sourceTree = "<group>";
		};
		DD122D542661373C00F2BAF0 /* TableViewCell */ = {
			isa = PBXGroup;
			children = (
				DD122D552661376500F2BAF0 /* PostCell.swift */,
			);
			path = TableViewCell;
			sourceTree = "<group>";
		};
		DD122D5F26614F6100F2BAF0 /* Model */ = {
			isa = PBXGroup;
			children = (
				DD122D6C26616A0A00F2BAF0 /* InstaData.swift */,
			);
			path = Model;
			sourceTree = "<group>";
		};
		DD122D7326616AAE00F2BAF0 /* ViewModel */ = {
			isa = PBXGroup;
			children = (
				DD122D7426616AC400F2BAF0 /* HomeViewModel.swift */,
			);
			path = ViewModel;
			sourceTree = "<group>";
		};
		DD122D7B26617CDF00F2BAF0 /* Resources */ = {
			isa = PBXGroup;
			children = (
				DD122D322661176A00F2BAF0 /* AppDelegate.swift */,
				DD122D342661176A00F2BAF0 /* SceneDelegate.swift */,
			);
			path = Resources;
			sourceTree = "<group>";
		};
/* End PBXGroup section */

/* Begin PBXNativeTarget section */
		DD122D2E2661176A00F2BAF0 /* Swift_Task1 */ = {
			isa = PBXNativeTarget;
			buildConfigurationList = DD122D432661177200F2BAF0 /* Build configuration list for PBXNativeTarget "Swift_Task1" */;
			buildPhases = (
				DD122D2B2661176A00F2BAF0 /* Sources */,
				DD122D2C2661176A00F2BAF0 /* Frameworks */,
				DD122D2D2661176A00F2BAF0 /* Resources */,
			);
			buildRules = (
			);
			dependencies = (
			);
			name = Swift_Task1;
			productName = Swift_Task1;
			productReference = DD122D2F2661176A00F2BAF0 /* Swift_Task1.app */;
			productType = "com.apple.product-type.application";
		};
/* End PBXNativeTarget section */

/* Begin PBXProject section */
		DD122D272661176A00F2BAF0 /* Project object */ = {
			isa = PBXProject;
			attributes = {
				LastSwiftUpdateCheck = 1240;
				LastUpgradeCheck = 1240;
				TargetAttributes = {
					DD122D2E2661176A00F2BAF0 = {
						CreatedOnToolsVersion = 12.4;
					};
				};
			};
			buildConfigurationList = DD122D2A2661176A00F2BAF0 /* Build configuration list for PBXProject "Swift_Task1" */;
			compatibilityVersion = "Xcode 9.3";
			developmentRegion = en;
			hasScannedForEncodings = 0;
			knownRegions = (
				en,
				Base,
			);
			mainGroup = DD122D262661176A00F2BAF0;
			productRefGroup = DD122D302661176A00F2BAF0 /* Products */;
			projectDirPath = "";
			projectRoot = "";
			targets = (
				DD122D2E2661176A00F2BAF0 /* Swift_Task1 */,
			);
		};
/* End PBXProject section */

/* Begin PBXResourcesBuildPhase section */
		DD122D2D2661176A00F2BAF0 /* Resources */ = {
			isa = PBXResourcesBuildPhase;
			buildActionMask = 2147483647;
			files = (
				DD122D3F2661177200F2BAF0 /* LaunchScreen.storyboard in Resources */,
				DD122D3C2661177200F2BAF0 /* Assets.xcassets in Resources */,
				DD122D3A2661176A00F2BAF0 /* Main.storyboard in Resources */,
				DD122D692661633900F2BAF0 /* Feed.json in Resources */,
			);
			runOnlyForDeploymentPostprocessing = 0;
		};
/* End PBXResourcesBuildPhase section */

/* Begin PBXSourcesBuildPhase section */
		DD122D2B2661176A00F2BAF0 /* Sources */ = {
			isa = PBXSourcesBuildPhase;
			buildActionMask = 2147483647;
			files = (
				DD122D372661176A00F2BAF0 /* ViewController.swift in Sources */,
				DD122D332661176A00F2BAF0 /* AppDelegate.swift in Sources */,
				DD122D352661176A00F2BAF0 /* SceneDelegate.swift in Sources */,
				DD122D7526616AC400F2BAF0 /* HomeViewModel.swift in Sources */,
				DD122D4D266126C100F2BAF0 /* StoryCell.swift in Sources */,
				DD122D512661362700F2BAF0 /* ImageCell.swift in Sources */,
				DD122D562661376500F2BAF0 /* PostCell.swift in Sources */,
				DD122D6D26616A0A00F2BAF0 /* InstaData.swift in Sources */,
			);
			runOnlyForDeploymentPostprocessing = 0;
		};
/* End PBXSourcesBuildPhase section */

/* Begin PBXVariantGroup section */
		DD122D382661176A00F2BAF0 /* Main.storyboard */ = {
			isa = PBXVariantGroup;
			children = (
				DD122D392661176A00F2BAF0 /* Base */,
			);
			name = Main.storyboard;
			sourceTree = "<group>";
		};
		DD122D3D2661177200F2BAF0 /* LaunchScreen.storyboard */ = {
			isa = PBXVariantGroup;
			children = (
				DD122D3E2661177200F2BAF0 /* Base */,
			);
			name = LaunchScreen.storyboard;
			sourceTree = "<group>";
		};
/* End PBXVariantGroup section */

/* Begin XCBuildConfiguration section */
		DD122D412661177200F2BAF0 /* Debug */ = {
			isa = XCBuildConfiguration;
			buildSettings = {
				ALWAYS_SEARCH_USER_PATHS = NO;
				CLANG_ANALYZER_NONNULL = YES;
				CLANG_ANALYZER_NUMBER_OBJECT_CONVERSION = YES_AGGRESSIVE;
				CLANG_CXX_LANGUAGE_STANDARD = "gnu++14";
				CLANG_CXX_LIBRARY = "libc++";
				CLANG_ENABLE_MODULES = YES;
				CLANG_ENABLE_OBJC_ARC = YES;
				CLANG_ENABLE_OBJC_WEAK = YES;
				CLANG_WARN_BLOCK_CAPTURE_AUTORELEASING = YES;
				CLANG_WARN_BOOL_CONVERSION = YES;
				CLANG_WARN_COMMA = YES;
				CLANG_WARN_CONSTANT_CONVERSION = YES;
				CLANG_WARN_DEPRECATED_OBJC_IMPLEMENTATIONS = YES;
				CLANG_WARN_DIRECT_OBJC_ISA_USAGE = YES_ERROR;
				CLANG_WARN_DOCUMENTATION_COMMENTS = YES;
				CLANG_WARN_EMPTY_BODY = YES;
				CLANG_WARN_ENUM_CONVERSION = YES;
				CLANG_WARN_INFINITE_RECURSION = YES;
				CLANG_WARN_INT_CONVERSION = YES;
				CLANG_WARN_NON_LITERAL_NULL_CONVERSION = YES;
				CLANG_WARN_OBJC_IMPLICIT_RETAIN_SELF = YES;
				CLANG_WARN_OBJC_LITERAL_CONVERSION = YES;
				CLANG_WARN_OBJC_ROOT_CLASS = YES_ERROR;
				CLANG_WARN_QUOTED_INCLUDE_IN_FRAMEWORK_HEADER = YES;
				CLANG_WARN_RANGE_LOOP_ANALYSIS = YES;
				CLANG_WARN_STRICT_PROTOTYPES = YES;
				CLANG_WARN_SUSPICIOUS_MOVE = YES;
				CLANG_WARN_UNGUARDED_AVAILABILITY = YES_AGGRESSIVE;
				CLANG_WARN_UNREACHABLE_CODE = YES;
				CLANG_WARN__DUPLICATE_METHOD_MATCH = YES;
				COPY_PHASE_STRIP = NO;
				DEBUG_INFORMATION_FORMAT = dwarf;
				ENABLE_STRICT_OBJC_MSGSEND = YES;
				ENABLE_TESTABILITY = YES;
				GCC_C_LANGUAGE_STANDARD = gnu11;
				GCC_DYNAMIC_NO_PIC = NO;
				GCC_NO_COMMON_BLOCKS = YES;
				GCC_OPTIMIZATION_LEVEL = 0;
				GCC_PREPROCESSOR_DEFINITIONS = (
					"DEBUG=1",
					"$(inherited)",
				);
				GCC_WARN_64_TO_32_BIT_CONVERSION = YES;
				GCC_WARN_ABOUT_RETURN_TYPE = YES_ERROR;
				GCC_WARN_UNDECLARED_SELECTOR = YES;
				GCC_WARN_UNINITIALIZED_AUTOS = YES_AGGRESSIVE;
				GCC_WARN_UNUSED_FUNCTION = YES;
				GCC_WARN_UNUSED_VARIABLE = YES;
				IPHONEOS_DEPLOYMENT_TARGET = 14.4;
				MTL_ENABLE_DEBUG_INFO = INCLUDE_SOURCE;
				MTL_FAST_MATH = YES;
				ONLY_ACTIVE_ARCH = YES;
				SDKROOT = iphoneos;
				SWIFT_ACTIVE_COMPILATION_CONDITIONS = DEBUG;
				SWIFT_OPTIMIZATION_LEVEL = "-Onone";
			};
			name = Debug;
		};
		DD122D422661177200F2BAF0 /* Release */ = {
			isa = XCBuildConfiguration;
			buildSettings = {
				ALWAYS_SEARCH_USER_PATHS = NO;
				CLANG_ANALYZER_NONNULL = YES;
				CLANG_ANALYZER_NUMBER_OBJECT_CONVERSION = YES_AGGRESSIVE;
				CLANG_CXX_LANGUAGE_STANDARD = "gnu++14";
				CLANG_CXX_LIBRARY = "libc++";
				CLANG_ENABLE_MODULES = YES;
				CLANG_ENABLE_OBJC_ARC = YES;
				CLANG_ENABLE_OBJC_WEAK = YES;
				CLANG_WARN_BLOCK_CAPTURE_AUTORELEASING = YES;
				CLANG_WARN_BOOL_CONVERSION = YES;
				CLANG_WARN_COMMA = YES;
				CLANG_WARN_CONSTANT_CONVERSION = YES;
				CLANG_WARN_DEPRECATED_OBJC_IMPLEMENTATIONS = YES;
				CLANG_WARN_DIRECT_OBJC_ISA_USAGE = YES_ERROR;
				CLANG_WARN_DOCUMENTATION_COMMENTS = YES;
				CLANG_WARN_EMPTY_BODY = YES;
				CLANG_WARN_ENUM_CONVERSION = YES;
				CLANG_WARN_INFINITE_RECURSION = YES;
				CLANG_WARN_INT_CONVERSION = YES;
				CLANG_WARN_NON_LITERAL_NULL_CONVERSION = YES;
				CLANG_WARN_OBJC_IMPLICIT_RETAIN_SELF = YES;
				CLANG_WARN_OBJC_LITERAL_CONVERSION = YES;
				CLANG_WARN_OBJC_ROOT_CLASS = YES_ERROR;
				CLANG_WARN_QUOTED_INCLUDE_IN_FRAMEWORK_HEADER = YES;
				CLANG_WARN_RANGE_LOOP_ANALYSIS = YES;
				CLANG_WARN_STRICT_PROTOTYPES = YES;
				CLANG_WARN_SUSPICIOUS_MOVE = YES;
				CLANG_WARN_UNGUARDED_AVAILABILITY = YES_AGGRESSIVE;
				CLANG_WARN_UNREACHABLE_CODE = YES;
				CLANG_WARN__DUPLICATE_METHOD_MATCH = YES;
				COPY_PHASE_STRIP = NO;
				DEBUG_INFORMATION_FORMAT = "dwarf-with-dsym";
				ENABLE_NS_ASSERTIONS = NO;
				ENABLE_STRICT_OBJC_MSGSEND = YES;
				GCC_C_LANGUAGE_STANDARD = gnu11;
				GCC_NO_COMMON_BLOCKS = YES;
				GCC_WARN_64_TO_32_BIT_CONVERSION = YES;
				GCC_WARN_ABOUT_RETURN_TYPE = YES_ERROR;
				GCC_WARN_UNDECLARED_SELECTOR = YES;
				GCC_WARN_UNINITIALIZED_AUTOS = YES_AGGRESSIVE;
				GCC_WARN_UNUSED_FUNCTION = YES;
				GCC_WARN_UNUSED_VARIABLE = YES;
				IPHONEOS_DEPLOYMENT_TARGET = 14.4;
				MTL_ENABLE_DEBUG_INFO = NO;
				MTL_FAST_MATH = YES;
				SDKROOT = iphoneos;
				SWIFT_COMPILATION_MODE = wholemodule;
				SWIFT_OPTIMIZATION_LEVEL = "-O";
				VALIDATE_PRODUCT = YES;
			};
			name = Release;
		};
		DD122D442661177200F2BAF0 /* Debug */ = {
			isa = XCBuildConfiguration;
			buildSettings = {
				ASSETCATALOG_COMPILER_APPICON_NAME = AppIcon;
				ASSETCATALOG_COMPILER_GLOBAL_ACCENT_COLOR_NAME = AccentColor;
				CODE_SIGN_STYLE = Automatic;
				DEVELOPMENT_TEAM = C9REGPB46C;
				INFOPLIST_FILE = Swift_Task1/Info.plist;
				LD_RUNPATH_SEARCH_PATHS = (
					"$(inherited)",
					"@executable_path/Frameworks",
				);
				PRODUCT_BUNDLE_IDENTIFIER = "Z5X.Swift-Task1";
				PRODUCT_NAME = "$(TARGET_NAME)";
				SWIFT_VERSION = 5.0;
				TARGETED_DEVICE_FAMILY = "1,2";
			};
			name = Debug;
		};
		DD122D452661177200F2BAF0 /* Release */ = {
			isa = XCBuildConfiguration;
			buildSettings = {
				ASSETCATALOG_COMPILER_APPICON_NAME = AppIcon;
				ASSETCATALOG_COMPILER_GLOBAL_ACCENT_COLOR_NAME = AccentColor;
				CODE_SIGN_STYLE = Automatic;
				DEVELOPMENT_TEAM = C9REGPB46C;
				INFOPLIST_FILE = Swift_Task1/Info.plist;
				LD_RUNPATH_SEARCH_PATHS = (
					"$(inherited)",
					"@executable_path/Frameworks",
				);
				PRODUCT_BUNDLE_IDENTIFIER = "Z5X.Swift-Task1";
				PRODUCT_NAME = "$(TARGET_NAME)";
				SWIFT_VERSION = 5.0;
				TARGETED_DEVICE_FAMILY = "1,2";
			};
			name = Release;
		};
/* End XCBuildConfiguration section */

/* Begin XCConfigurationList section */
		DD122D2A2661176A00F2BAF0 /* Build configuration list for PBXProject "Swift_Task1" */ = {
			isa = XCConfigurationList;
			buildConfigurations = (
				DD122D412661177200F2BAF0 /* Debug */,
				DD122D422661177200F2BAF0 /* Release */,
			);
			defaultConfigurationIsVisible = 0;
			defaultConfigurationName = Release;
		};
		DD122D432661177200F2BAF0 /* Build configuration list for PBXNativeTarget "Swift_Task1" */ = {
			isa = XCConfigurationList;
			buildConfigurations = (
				DD122D442661177200F2BAF0 /* Debug */,
				DD122D452661177200F2BAF0 /* Release */,
			);
			defaultConfigurationIsVisible = 0;
			defaultConfigurationName = Release;
		};
/* End XCConfigurationList section */
	};
	rootObject = DD122D272661176A00F2BAF0 /* Project object */;
}
